PODS:
  - Alamofire (4.5.1)
  - Kingfisher (4.3.1)
  - SwiftHash (2.0.1)

DEPENDENCIES:
  - Alamofire (~> 4.5)
  - Kingfisher (~> 4.0)
  - SwiftHash

SPEC REPOS:
  https://github.com/CocoaPods/Specs.git:
    - Alamofire
    - Kingfisher
    - SwiftHash

SPEC CHECKSUMS:
  Alamofire: 2d95912bf4c34f164fdfc335872e8c312acaea4a
  Kingfisher: 75541c4b62f02e1fde6f9772303de3d9ebe8f5b3
  SwiftHash: c805de5a434eacfa0dac7210745a50c55d7fe33d

PODFILE CHECKSUM: db19243310010731907caa73871abecae0c3e817

COCOAPODS: 1.5.0
